
Microsoft Visual Studio Solution File, Format Version 12.00
# Visual Studio Version 17
VisualStudioVersion = 17.8.34309.116
MinimumVisualStudioVersion = 10.0.40219.1
Project("{FAE04EC0-301F-11D3-BF4B-00C04F79EFBC}") = "HomeworkModule3Lesson2", "HomeworkModule3Lesson2\HomeworkModule3Lesson2.csproj", "{751D371F-35CB-411E-85EE-80193A67C1D5}"
EndProject
Global
	GlobalSection(SolutionConfigurationPlatforms) = preSolution
		Debug|Any CPU = Debug|Any CPU
		Release|Any CPU = Release|Any CPU
	EndGlobalSection
	GlobalSection(ProjectConfigurationPlatforms) = postSolution
		{751D371F-35CB-411E-85EE-80193A67C1D5}.Debug|Any CPU.ActiveCfg = Debug|Any CPU
		{751D371F-35CB-411E-85EE-80193A67C1D5}.Debug|Any CPU.Build.0 = Debug|Any CPU
		{751D371F-35CB-411E-85EE-80193A67C1D5}.Release|Any CPU.ActiveCfg = Release|Any CPU
		{751D371F-35CB-411E-85EE-80193A67C1D5}.Release|Any CPU.Build.0 = Release|Any CPU
	EndGlobalSection
	GlobalSection(SolutionProperties) = preSolution
		HideSolutionNode = FALSE
	EndGlobalSection
	GlobalSection(ExtensibilityGlobals) = postSolution
		SolutionGuid = {140C0A84-C0FB-4555-83CF-E8027C4F69AE}
	EndGlobalSection
EndGlobal
