
Microsoft Visual Studio Solution File, Format Version 12.00
# Visual Studio Version 17
VisualStudioVersion = 17.7.34031.279
MinimumVisualStudioVersion = 10.0.40219.1
Project("{FAE04EC0-301F-11D3-BF4B-00C04F79EFBC}") = "StringLibrary", "StringLibrary\StringLibrary.csproj", "{0F4E00B4-1A84-49BA-BCBF-6E7987CE24BC}"
EndProject
Project("{FAE04EC0-301F-11D3-BF4B-00C04F79EFBC}") = "ShowCase", "ShowCase\ShowCase.csproj", "{F1C7AE1D-BD73-4C82-B12D-FFA012A41ED6}"
EndProject
Global
	GlobalSection(SolutionConfigurationPlatforms) = preSolution
		Debug|Any CPU = Debug|Any CPU
		Release|Any CPU = Release|Any CPU
	EndGlobalSection
	GlobalSection(ProjectConfigurationPlatforms) = postSolution
		{0F4E00B4-1A84-49BA-BCBF-6E7987CE24BC}.Debug|Any CPU.ActiveCfg = Debug|Any CPU
		{0F4E00B4-1A84-49BA-BCBF-6E7987CE24BC}.Debug|Any CPU.Build.0 = Debug|Any CPU
		{0F4E00B4-1A84-49BA-BCBF-6E7987CE24BC}.Release|Any CPU.ActiveCfg = Release|Any CPU
		{0F4E00B4-1A84-49BA-BCBF-6E7987CE24BC}.Release|Any CPU.Build.0 = Release|Any CPU
		{F1C7AE1D-BD73-4C82-B12D-FFA012A41ED6}.Debug|Any CPU.ActiveCfg = Debug|Any CPU
		{F1C7AE1D-BD73-4C82-B12D-FFA012A41ED6}.Debug|Any CPU.Build.0 = Debug|Any CPU
		{F1C7AE1D-BD73-4C82-B12D-FFA012A41ED6}.Release|Any CPU.ActiveCfg = Release|Any CPU
		{F1C7AE1D-BD73-4C82-B12D-FFA012A41ED6}.Release|Any CPU.Build.0 = Release|Any CPU
	EndGlobalSection
	GlobalSection(SolutionProperties) = preSolution
		HideSolutionNode = FALSE
	EndGlobalSection
	GlobalSection(ExtensibilityGlobals) = postSolution
		SolutionGuid = {AC9B986D-A030-4E46-AD7B-2A074BCE58CF}
	EndGlobalSection
EndGlobal
