
Microsoft Visual Studio Solution File, Format Version 12.00
# Visual Studio Version 17
VisualStudioVersion = 17.7.34031.279
MinimumVisualStudioVersion = 10.0.40219.1
Project("{FAE04EC0-301F-11D3-BF4B-00C04F79EFBC}") = "AdditionalTask2", "AdditionalTask2\AdditionalTask2.csproj", "{B3630724-76B5-4F70-B235-36D07163ED25}"
EndProject
Global
	GlobalSection(SolutionConfigurationPlatforms) = preSolution
		Debug|Any CPU = Debug|Any CPU
		Release|Any CPU = Release|Any CPU
	EndGlobalSection
	GlobalSection(ProjectConfigurationPlatforms) = postSolution
		{B3630724-76B5-4F70-B235-36D07163ED25}.Debug|Any CPU.ActiveCfg = Debug|Any CPU
		{B3630724-76B5-4F70-B235-36D07163ED25}.Debug|Any CPU.Build.0 = Debug|Any CPU
		{B3630724-76B5-4F70-B235-36D07163ED25}.Release|Any CPU.ActiveCfg = Release|Any CPU
		{B3630724-76B5-4F70-B235-36D07163ED25}.Release|Any CPU.Build.0 = Release|Any CPU
	EndGlobalSection
	GlobalSection(SolutionProperties) = preSolution
		HideSolutionNode = FALSE
	EndGlobalSection
	GlobalSection(ExtensibilityGlobals) = postSolution
		SolutionGuid = {F79CCDD0-BDF8-4001-8E3B-398A387AD41C}
	EndGlobalSection
EndGlobal
